
Microsoft Visual Studio Solution File, Format Version 12.00
# Visual Studio Version 17
VisualStudioVersion = 17.14.36429.23 d17.14
MinimumVisualStudioVersion = 10.0.40219.1
Project("{2150E333-8FDC-42A3-9474-1A3956D46DE8}") = "Task0", "Task0", "{02EA681E-C7D8-13C7-8484-4AC65E1B71E8}"
EndProject
Project("{2150E333-8FDC-42A3-9474-1A3956D46DE8}") = "Task1", "Task1", "{5CDF1D44-65DC-4413-952C-F855AF2A4A7C}"
EndProject
Project("{2150E333-8FDC-42A3-9474-1A3956D46DE8}") = "Task2", "Task2", "{10A03945-3DCC-48A4-8CEB-FC85C288A6B7}"
EndProject
Project("{2150E333-8FDC-42A3-9474-1A3956D46DE8}") = "Task3", "Task3", "{44CAB6C1-B333-4B4B-985C-611FCF2ECDAD}"
EndProject
Project("{2150E333-8FDC-42A3-9474-1A3956D46DE8}") = "Task4", "Task4", "{FFEEC4B5-76F5-4768-88CA-ABD1BAF8DC36}"
EndProject
Project("{2150E333-8FDC-42A3-9474-1A3956D46DE8}") = "Task5", "Task5", "{030A0D67-13E0-4C25-A2D3-D1AA24CD1182}"
EndProject
Project("{2150E333-8FDC-42A3-9474-1A3956D46DE8}") = "Task6", "Task6", "{4C7CD500-0C1F-4BD5-81BF-D6BD989E8A85}"
EndProject
Project("{2150E333-8FDC-42A3-9474-1A3956D46DE8}") = "Task7", "Task7", "{0B067931-512E-4E74-AF5B-ABCBDAD1CD6F}"
EndProject
Project("{FAE04EC0-301F-11D3-BF4B-00C04F79EFBC}") = "Tyuiu.FlyagID.Sprint6.Task0.V3", "Tyuiu.FlyagID.Sprint6.Task0.V3\Tyuiu.FlyagID.Sprint6.Task0.V3.csproj", "{67ADCAFF-94B9-4C8C-875C-136BA66D59D6}"
EndProject
Project("{FAE04EC0-301F-11D3-BF4B-00C04F79EFBC}") = "Tyuiu.FlyagID.Sprint6.Task0.V3.Lib", "Tyuiu.FlyagID.Sprint6.Task0.V3.Lib\Tyuiu.FlyagID.Sprint6.Task0.V3.Lib.csproj", "{DDD63B5F-1A9E-4E83-A699-EAF9978378B6}"
EndProject
Project("{FAE04EC0-301F-11D3-BF4B-00C04F79EFBC}") = "Tyuiu.FlyagID.Sprint6.Task0.V3.Test", "Tyuiu.FlyagID.Sprint6.Task0.V3.Test\Tyuiu.FlyagID.Sprint6.Task0.V3.Test.csproj", "{A3CC3EB4-EA70-4BB0-8573-B93A59275F0C}"
EndProject
Project("{FAE04EC0-301F-11D3-BF4B-00C04F79EFBC}") = "Tyuiu.FlyagID.Sprint6.Task1.V5", "Tyuiu.FlyagID.Sprint6.Task1.V5\Tyuiu.FlyagID.Sprint6.Task1.V5.csproj", "{194A0548-762F-420A-8741-2B470B5C7BB0}"
EndProject
Project("{FAE04EC0-301F-11D3-BF4B-00C04F79EFBC}") = "Tyuiu.FlyagID.Sprint6.Task1.V5.Lib", "Tyuiu.FlyagID.Sprint6.Task1.V5.Lib\Tyuiu.FlyagID.Sprint6.Task1.V5.Lib.csproj", "{3EDB19F0-E936-426E-9371-C40D4DEAF0AF}"
EndProject
Project("{FAE04EC0-301F-11D3-BF4B-00C04F79EFBC}") = "Tyuiu.FlyagID.Sprint6.Task1.V5.Test", "Tyuiu.FlyagID.Sprint6.Task1.V5.Test\Tyuiu.FlyagID.Sprint6.Task1.V5.Test.csproj", "{2FABF1B4-151A-466F-B589-4644E9ECDE51}"
EndProject
Project("{FAE04EC0-301F-11D3-BF4B-00C04F79EFBC}") = "Tyuiu.FlyagID.Sprint6.Task2.V20", "Tyuiu.FlyagID.Sprint6.Task2.V20\Tyuiu.FlyagID.Sprint6.Task2.V20.csproj", "{F19E6FFF-0201-4528-A8EF-C92F427394A2}"
EndProject
Project("{FAE04EC0-301F-11D3-BF4B-00C04F79EFBC}") = "Tyuiu.FlyagID.Sprint6.Task2.V20.Lib", "Tyuiu.FlyagID.Sprint6.Task2.V20.Lib\Tyuiu.FlyagID.Sprint6.Task2.V20.Lib.csproj", "{16628384-4F4D-44E2-BE00-5306D4D82592}"
EndProject
Project("{FAE04EC0-301F-11D3-BF4B-00C04F79EFBC}") = "Tyuiu.FlyagID.Sprint6.Task2.V20.Test", "Tyuiu.FlyagID.Sprint6.Task2.V20.Test\Tyuiu.FlyagID.Sprint6.Task2.V20.Test.csproj", "{775AC183-6497-4518-8DED-6207C5FBD6B2}"
EndProject
Project("{FAE04EC0-301F-11D3-BF4B-00C04F79EFBC}") = "Tyuiu.FlyagID.Sprint6.Task3.V7", "Tyuiu.FlyagID.Sprint6.Task3.V7\Tyuiu.FlyagID.Sprint6.Task3.V7.csproj", "{820D30D9-88DB-403E-888D-525467FAB216}"
EndProject
Project("{FAE04EC0-301F-11D3-BF4B-00C04F79EFBC}") = "Tyuiu.FlyagID.Sprint6.Task3.V7.Lib", "Tyuiu.FlyagID.Sprint6.Task3.V7.Lib\Tyuiu.FlyagID.Sprint6.Task3.V7.Lib.csproj", "{EC1058AE-02F5-4277-9EDA-B5321DE3214B}"
EndProject
Project("{FAE04EC0-301F-11D3-BF4B-00C04F79EFBC}") = "Tyuiu.FlyagID.Sprint6.Task3.V7.Test", "Tyuiu.FlyagID.Sprint6.Task3.V7.Test\Tyuiu.FlyagID.Sprint6.Task3.V7.Test.csproj", "{FCA04092-12C0-44EF-AE15-631687FED49B}"
EndProject
Project("{FAE04EC0-301F-11D3-BF4B-00C04F79EFBC}") = "Tyuiu.FlyagID.Sprint6.Task4.V4", "Tyuiu.FlyagID.Sprint6.Task4.V4\Tyuiu.FlyagID.Sprint6.Task4.V4.csproj", "{36F44F40-F79D-45CB-8628-0ECE743CB7CE}"
EndProject
Project("{FAE04EC0-301F-11D3-BF4B-00C04F79EFBC}") = "Tyuiu.FlyagID.Sprint6.Task4.V4.Lib", "Tyuiu.FlyagID.Sprint6.Task4.V4.Lib\Tyuiu.FlyagID.Sprint6.Task4.V4.Lib.csproj", "{FD819ABE-AB16-454C-B7A7-817F0A10D5C1}"
EndProject
Project("{FAE04EC0-301F-11D3-BF4B-00C04F79EFBC}") = "Tyuiu.FlyagID.Sprint6.Task4.V4.Test", "Tyuiu.FlyagID.Sprint6.Task4.V4.Test\Tyuiu.FlyagID.Sprint6.Task4.V4.Test.csproj", "{3DF0B95C-6A9A-46FA-86AB-10D871837D61}"
EndProject
Project("{FAE04EC0-301F-11D3-BF4B-00C04F79EFBC}") = "Tyuiu.FlyagID.Sprint6.Task5.V20", "Tyuiu.FlyagID.Sprint6.Task5.V20\Tyuiu.FlyagID.Sprint6.Task5.V20.csproj", "{0B0FE944-21C4-4FF3-92A3-A00B0073B20B}"
EndProject
Project("{FAE04EC0-301F-11D3-BF4B-00C04F79EFBC}") = "Tyuiu.FlyagID.Sprint6.Task5.V20.Lib", "Tyuiu.FlyagID.Sprint6.Task5.V20.Lib\Tyuiu.FlyagID.Sprint6.Task5.V20.Lib.csproj", "{CC0E1D68-538F-4007-8BC0-A900FE145E28}"
EndProject
Project("{FAE04EC0-301F-11D3-BF4B-00C04F79EFBC}") = "Tyuiu.FlyagID.Sprint6.Task5.V20.Test", "Tyuiu.FlyagID.Sprint6.Task5.V20.Test\Tyuiu.FlyagID.Sprint6.Task5.V20.Test.csproj", "{1B8163FA-718F-4849-946A-49720719C36F}"
EndProject
Project("{FAE04EC0-301F-11D3-BF4B-00C04F79EFBC}") = "Tyuiu.FlyagID.Sprint6.Task6.V14", "Tyuiu.FlyagID.Sprint6.Task6.V14\Tyuiu.FlyagID.Sprint6.Task6.V14.csproj", "{8DEE2CEA-90A0-42FC-82C1-96028392208E}"
EndProject
Project("{FAE04EC0-301F-11D3-BF4B-00C04F79EFBC}") = "Tyuiu.FlyagID.Sprint6.Task6.V14.Lib", "Tyuiu.FlyagID.Sprint6.Task6.V14.Lib\Tyuiu.FlyagID.Sprint6.Task6.V14.Lib.csproj", "{9D5D1CCA-64A7-470D-A904-FB36012D9D22}"
EndProject
Project("{FAE04EC0-301F-11D3-BF4B-00C04F79EFBC}") = "Tyuiu.FlyagID.Sprint6.Task6.V14.Test", "Tyuiu.FlyagID.Sprint6.Task6.V14.Test\Tyuiu.FlyagID.Sprint6.Task6.V14.Test.csproj", "{B7418FEA-4934-4BF3-8EB0-21E29D1C6340}"
EndProject
Project("{FAE04EC0-301F-11D3-BF4B-00C04F79EFBC}") = "Tyuiu.FlyagID.Sprint6.Task7.V24", "Tyuiu.FlyagID.Sprint6.Task7.V24\Tyuiu.FlyagID.Sprint6.Task7.V24.csproj", "{7D44A9A2-3586-4DFE-A286-EFCEC19127B7}"
EndProject
Project("{FAE04EC0-301F-11D3-BF4B-00C04F79EFBC}") = "Tyuiu.FlyagID.Sprint6.Task7.V24.Lib", "Tyuiu.FlyagID.Sprint6.Task7.V24.Lib\Tyuiu.FlyagID.Sprint6.Task7.V24.Lib.csproj", "{5D846882-5805-480C-AEFD-4E6A9688469B}"
EndProject
Project("{FAE04EC0-301F-11D3-BF4B-00C04F79EFBC}") = "Tyuiu.FlyagID.Sprint6.Task7.V24.Test", "Tyuiu.FlyagID.Sprint6.Task7.V24.Test\Tyuiu.FlyagID.Sprint6.Task7.V24.Test.csproj", "{29D7652E-6D51-47B5-9A00-DF41238174C0}"
EndProject
Global
	GlobalSection(SolutionConfigurationPlatforms) = preSolution
		Debug|Any CPU = Debug|Any CPU
		Release|Any CPU = Release|Any CPU
	EndGlobalSection
	GlobalSection(ProjectConfigurationPlatforms) = postSolution
		{67ADCAFF-94B9-4C8C-875C-136BA66D59D6}.Debug|Any CPU.ActiveCfg = Debug|Any CPU
		{67ADCAFF-94B9-4C8C-875C-136BA66D59D6}.Debug|Any CPU.Build.0 = Debug|Any CPU
		{67ADCAFF-94B9-4C8C-875C-136BA66D59D6}.Release|Any CPU.ActiveCfg = Release|Any CPU
		{67ADCAFF-94B9-4C8C-875C-136BA66D59D6}.Release|Any CPU.Build.0 = Release|Any CPU
		{DDD63B5F-1A9E-4E83-A699-EAF9978378B6}.Debug|Any CPU.ActiveCfg = Debug|Any CPU
		{DDD63B5F-1A9E-4E83-A699-EAF9978378B6}.Debug|Any CPU.Build.0 = Debug|Any CPU
		{DDD63B5F-1A9E-4E83-A699-EAF9978378B6}.Release|Any CPU.ActiveCfg = Release|Any CPU
		{DDD63B5F-1A9E-4E83-A699-EAF9978378B6}.Release|Any CPU.Build.0 = Release|Any CPU
		{A3CC3EB4-EA70-4BB0-8573-B93A59275F0C}.Debug|Any CPU.ActiveCfg = Debug|Any CPU
		{A3CC3EB4-EA70-4BB0-8573-B93A59275F0C}.Debug|Any CPU.Build.0 = Debug|Any CPU
		{A3CC3EB4-EA70-4BB0-8573-B93A59275F0C}.Release|Any CPU.ActiveCfg = Release|Any CPU
		{A3CC3EB4-EA70-4BB0-8573-B93A59275F0C}.Release|Any CPU.Build.0 = Release|Any CPU
		{194A0548-762F-420A-8741-2B470B5C7BB0}.Debug|Any CPU.ActiveCfg = Debug|Any CPU
		{194A0548-762F-420A-8741-2B470B5C7BB0}.Debug|Any CPU.Build.0 = Debug|Any CPU
		{194A0548-762F-420A-8741-2B470B5C7BB0}.Release|Any CPU.ActiveCfg = Release|Any CPU
		{194A0548-762F-420A-8741-2B470B5C7BB0}.Release|Any CPU.Build.0 = Release|Any CPU
		{3EDB19F0-E936-426E-9371-C40D4DEAF0AF}.Debug|Any CPU.ActiveCfg = Debug|Any CPU
		{3EDB19F0-E936-426E-9371-C40D4DEAF0AF}.Debug|Any CPU.Build.0 = Debug|Any CPU
		{3EDB19F0-E936-426E-9371-C40D4DEAF0AF}.Release|Any CPU.ActiveCfg = Release|Any CPU
		{3EDB19F0-E936-426E-9371-C40D4DEAF0AF}.Release|Any CPU.Build.0 = Release|Any CPU
		{2FABF1B4-151A-466F-B589-4644E9ECDE51}.Debug|Any CPU.ActiveCfg = Debug|Any CPU
		{2FABF1B4-151A-466F-B589-4644E9ECDE51}.Debug|Any CPU.Build.0 = Debug|Any CPU
		{2FABF1B4-151A-466F-B589-4644E9ECDE51}.Release|Any CPU.ActiveCfg = Release|Any CPU
		{2FABF1B4-151A-466F-B589-4644E9ECDE51}.Release|Any CPU.Build.0 = Release|Any CPU
		{F19E6FFF-0201-4528-A8EF-C92F427394A2}.Debug|Any CPU.ActiveCfg = Debug|Any CPU
		{F19E6FFF-0201-4528-A8EF-C92F427394A2}.Debug|Any CPU.Build.0 = Debug|Any CPU
		{F19E6FFF-0201-4528-A8EF-C92F427394A2}.Release|Any CPU.ActiveCfg = Release|Any CPU
		{F19E6FFF-0201-4528-A8EF-C92F427394A2}.Release|Any CPU.Build.0 = Release|Any CPU
		{16628384-4F4D-44E2-BE00-5306D4D82592}.Debug|Any CPU.ActiveCfg = Debug|Any CPU
		{16628384-4F4D-44E2-BE00-5306D4D82592}.Debug|Any CPU.Build.0 = Debug|Any CPU
		{16628384-4F4D-44E2-BE00-5306D4D82592}.Release|Any CPU.ActiveCfg = Release|Any CPU
		{16628384-4F4D-44E2-BE00-5306D4D82592}.Release|Any CPU.Build.0 = Release|Any CPU
		{775AC183-6497-4518-8DED-6207C5FBD6B2}.Debug|Any CPU.ActiveCfg = Debug|Any CPU
		{775AC183-6497-4518-8DED-6207C5FBD6B2}.Debug|Any CPU.Build.0 = Debug|Any CPU
		{775AC183-6497-4518-8DED-6207C5FBD6B2}.Release|Any CPU.ActiveCfg = Release|Any CPU
		{775AC183-6497-4518-8DED-6207C5FBD6B2}.Release|Any CPU.Build.0 = Release|Any CPU
		{820D30D9-88DB-403E-888D-525467FAB216}.Debug|Any CPU.ActiveCfg = Debug|Any CPU
		{820D30D9-88DB-403E-888D-525467FAB216}.Debug|Any CPU.Build.0 = Debug|Any CPU
		{820D30D9-88DB-403E-888D-525467FAB216}.Release|Any CPU.ActiveCfg = Release|Any CPU
		{820D30D9-88DB-403E-888D-525467FAB216}.Release|Any CPU.Build.0 = Release|Any CPU
		{EC1058AE-02F5-4277-9EDA-B5321DE3214B}.Debug|Any CPU.ActiveCfg = Debug|Any CPU
		{EC1058AE-02F5-4277-9EDA-B5321DE3214B}.Debug|Any CPU.Build.0 = Debug|Any CPU
		{EC1058AE-02F5-4277-9EDA-B5321DE3214B}.Release|Any CPU.ActiveCfg = Release|Any CPU
		{EC1058AE-02F5-4277-9EDA-B5321DE3214B}.Release|Any CPU.Build.0 = Release|Any CPU
		{FCA04092-12C0-44EF-AE15-631687FED49B}.Debug|Any CPU.ActiveCfg = Debug|Any CPU
		{FCA04092-12C0-44EF-AE15-631687FED49B}.Debug|Any CPU.Build.0 = Debug|Any CPU
		{FCA04092-12C0-44EF-AE15-631687FED49B}.Release|Any CPU.ActiveCfg = Release|Any CPU
		{FCA04092-12C0-44EF-AE15-631687FED49B}.Release|Any CPU.Build.0 = Release|Any CPU
		{36F44F40-F79D-45CB-8628-0ECE743CB7CE}.Debug|Any CPU.ActiveCfg = Debug|Any CPU
		{36F44F40-F79D-45CB-8628-0ECE743CB7CE}.Debug|Any CPU.Build.0 = Debug|Any CPU
		{36F44F40-F79D-45CB-8628-0ECE743CB7CE}.Release|Any CPU.ActiveCfg = Release|Any CPU
		{36F44F40-F79D-45CB-8628-0ECE743CB7CE}.Release|Any CPU.Build.0 = Release|Any CPU
		{FD819ABE-AB16-454C-B7A7-817F0A10D5C1}.Debug|Any CPU.ActiveCfg = Debug|Any CPU
		{FD819ABE-AB16-454C-B7A7-817F0A10D5C1}.Debug|Any CPU.Build.0 = Debug|Any CPU
		{FD819ABE-AB16-454C-B7A7-817F0A10D5C1}.Release|Any CPU.ActiveCfg = Release|Any CPU
		{FD819ABE-AB16-454C-B7A7-817F0A10D5C1}.Release|Any CPU.Build.0 = Release|Any CPU
		{3DF0B95C-6A9A-46FA-86AB-10D871837D61}.Debug|Any CPU.ActiveCfg = Debug|Any CPU
		{3DF0B95C-6A9A-46FA-86AB-10D871837D61}.Debug|Any CPU.Build.0 = Debug|Any CPU
		{3DF0B95C-6A9A-46FA-86AB-10D871837D61}.Release|Any CPU.ActiveCfg = Release|Any CPU
		{3DF0B95C-6A9A-46FA-86AB-10D871837D61}.Release|Any CPU.Build.0 = Release|Any CPU
		{0B0FE944-21C4-4FF3-92A3-A00B0073B20B}.Debug|Any CPU.ActiveCfg = Debug|Any CPU
		{0B0FE944-21C4-4FF3-92A3-A00B0073B20B}.Debug|Any CPU.Build.0 = Debug|Any CPU
		{0B0FE944-21C4-4FF3-92A3-A00B0073B20B}.Release|Any CPU.ActiveCfg = Release|Any CPU
		{0B0FE944-21C4-4FF3-92A3-A00B0073B20B}.Release|Any CPU.Build.0 = Release|Any CPU
		{CC0E1D68-538F-4007-8BC0-A900FE145E28}.Debug|Any CPU.ActiveCfg = Debug|Any CPU
		{CC0E1D68-538F-4007-8BC0-A900FE145E28}.Debug|Any CPU.Build.0 = Debug|Any CPU
		{CC0E1D68-538F-4007-8BC0-A900FE145E28}.Release|Any CPU.ActiveCfg = Release|Any CPU
		{CC0E1D68-538F-4007-8BC0-A900FE145E28}.Release|Any CPU.Build.0 = Release|Any CPU
		{1B8163FA-718F-4849-946A-49720719C36F}.Debug|Any CPU.ActiveCfg = Debug|Any CPU
		{1B8163FA-718F-4849-946A-49720719C36F}.Debug|Any CPU.Build.0 = Debug|Any CPU
		{1B8163FA-718F-4849-946A-49720719C36F}.Release|Any CPU.ActiveCfg = Release|Any CPU
		{1B8163FA-718F-4849-946A-49720719C36F}.Release|Any CPU.Build.0 = Release|Any CPU
		{8DEE2CEA-90A0-42FC-82C1-96028392208E}.Debug|Any CPU.ActiveCfg = Debug|Any CPU
		{8DEE2CEA-90A0-42FC-82C1-96028392208E}.Debug|Any CPU.Build.0 = Debug|Any CPU
		{8DEE2CEA-90A0-42FC-82C1-96028392208E}.Release|Any CPU.ActiveCfg = Release|Any CPU
		{8DEE2CEA-90A0-42FC-82C1-96028392208E}.Release|Any CPU.Build.0 = Release|Any CPU
		{9D5D1CCA-64A7-470D-A904-FB36012D9D22}.Debug|Any CPU.ActiveCfg = Debug|Any CPU
		{9D5D1CCA-64A7-470D-A904-FB36012D9D22}.Debug|Any CPU.Build.0 = Debug|Any CPU
		{9D5D1CCA-64A7-470D-A904-FB36012D9D22}.Release|Any CPU.ActiveCfg = Release|Any CPU
		{9D5D1CCA-64A7-470D-A904-FB36012D9D22}.Release|Any CPU.Build.0 = Release|Any CPU
		{B7418FEA-4934-4BF3-8EB0-21E29D1C6340}.Debug|Any CPU.ActiveCfg = Debug|Any CPU
		{B7418FEA-4934-4BF3-8EB0-21E29D1C6340}.Debug|Any CPU.Build.0 = Debug|Any CPU
		{B7418FEA-4934-4BF3-8EB0-21E29D1C6340}.Release|Any CPU.ActiveCfg = Release|Any CPU
		{B7418FEA-4934-4BF3-8EB0-21E29D1C6340}.Release|Any CPU.Build.0 = Release|Any CPU
		{7D44A9A2-3586-4DFE-A286-EFCEC19127B7}.Debug|Any CPU.ActiveCfg = Debug|Any CPU
		{7D44A9A2-3586-4DFE-A286-EFCEC19127B7}.Debug|Any CPU.Build.0 = Debug|Any CPU
		{7D44A9A2-3586-4DFE-A286-EFCEC19127B7}.Release|Any CPU.ActiveCfg = Release|Any CPU
		{7D44A9A2-3586-4DFE-A286-EFCEC19127B7}.Release|Any CPU.Build.0 = Release|Any CPU
		{5D846882-5805-480C-AEFD-4E6A9688469B}.Debug|Any CPU.ActiveCfg = Debug|Any CPU
		{5D846882-5805-480C-AEFD-4E6A9688469B}.Debug|Any CPU.Build.0 = Debug|Any CPU
		{5D846882-5805-480C-AEFD-4E6A9688469B}.Release|Any CPU.ActiveCfg = Release|Any CPU
		{5D846882-5805-480C-AEFD-4E6A9688469B}.Release|Any CPU.Build.0 = Release|Any CPU
		{29D7652E-6D51-47B5-9A00-DF41238174C0}.Debug|Any CPU.ActiveCfg = Debug|Any CPU
		{29D7652E-6D51-47B5-9A00-DF41238174C0}.Debug|Any CPU.Build.0 = Debug|Any CPU
		{29D7652E-6D51-47B5-9A00-DF41238174C0}.Release|Any CPU.ActiveCfg = Release|Any CPU
		{29D7652E-6D51-47B5-9A00-DF41238174C0}.Release|Any CPU.Build.0 = Release|Any CPU
	EndGlobalSection
	GlobalSection(SolutionProperties) = preSolution
		HideSolutionNode = FALSE
	EndGlobalSection
	GlobalSection(NestedProjects) = preSolution
		{67ADCAFF-94B9-4C8C-875C-136BA66D59D6} = {02EA681E-C7D8-13C7-8484-4AC65E1B71E8}
		{DDD63B5F-1A9E-4E83-A699-EAF9978378B6} = {02EA681E-C7D8-13C7-8484-4AC65E1B71E8}
		{A3CC3EB4-EA70-4BB0-8573-B93A59275F0C} = {02EA681E-C7D8-13C7-8484-4AC65E1B71E8}
		{194A0548-762F-420A-8741-2B470B5C7BB0} = {5CDF1D44-65DC-4413-952C-F855AF2A4A7C}
		{3EDB19F0-E936-426E-9371-C40D4DEAF0AF} = {5CDF1D44-65DC-4413-952C-F855AF2A4A7C}
		{2FABF1B4-151A-466F-B589-4644E9ECDE51} = {5CDF1D44-65DC-4413-952C-F855AF2A4A7C}
		{F19E6FFF-0201-4528-A8EF-C92F427394A2} = {10A03945-3DCC-48A4-8CEB-FC85C288A6B7}
		{16628384-4F4D-44E2-BE00-5306D4D82592} = {10A03945-3DCC-48A4-8CEB-FC85C288A6B7}
		{775AC183-6497-4518-8DED-6207C5FBD6B2} = {10A03945-3DCC-48A4-8CEB-FC85C288A6B7}
		{820D30D9-88DB-403E-888D-525467FAB216} = {44CAB6C1-B333-4B4B-985C-611FCF2ECDAD}
		{EC1058AE-02F5-4277-9EDA-B5321DE3214B} = {44CAB6C1-B333-4B4B-985C-611FCF2ECDAD}
		{FCA04092-12C0-44EF-AE15-631687FED49B} = {44CAB6C1-B333-4B4B-985C-611FCF2ECDAD}
		{36F44F40-F79D-45CB-8628-0ECE743CB7CE} = {FFEEC4B5-76F5-4768-88CA-ABD1BAF8DC36}
		{FD819ABE-AB16-454C-B7A7-817F0A10D5C1} = {FFEEC4B5-76F5-4768-88CA-ABD1BAF8DC36}
		{3DF0B95C-6A9A-46FA-86AB-10D871837D61} = {FFEEC4B5-76F5-4768-88CA-ABD1BAF8DC36}
		{0B0FE944-21C4-4FF3-92A3-A00B0073B20B} = {030A0D67-13E0-4C25-A2D3-D1AA24CD1182}
		{CC0E1D68-538F-4007-8BC0-A900FE145E28} = {030A0D67-13E0-4C25-A2D3-D1AA24CD1182}
		{1B8163FA-718F-4849-946A-49720719C36F} = {030A0D67-13E0-4C25-A2D3-D1AA24CD1182}
		{8DEE2CEA-90A0-42FC-82C1-96028392208E} = {4C7CD500-0C1F-4BD5-81BF-D6BD989E8A85}
		{9D5D1CCA-64A7-470D-A904-FB36012D9D22} = {4C7CD500-0C1F-4BD5-81BF-D6BD989E8A85}
		{B7418FEA-4934-4BF3-8EB0-21E29D1C6340} = {4C7CD500-0C1F-4BD5-81BF-D6BD989E8A85}
		{7D44A9A2-3586-4DFE-A286-EFCEC19127B7} = {0B067931-512E-4E74-AF5B-ABCBDAD1CD6F}
		{5D846882-5805-480C-AEFD-4E6A9688469B} = {0B067931-512E-4E74-AF5B-ABCBDAD1CD6F}
		{29D7652E-6D51-47B5-9A00-DF41238174C0} = {0B067931-512E-4E74-AF5B-ABCBDAD1CD6F}
	EndGlobalSection
	GlobalSection(ExtensibilityGlobals) = postSolution
		SolutionGuid = {DCD5B2AA-4F69-4ABD-8200-96CA849BAA8B}
	EndGlobalSection
EndGlobal
